
Microsoft Visual Studio Solution File, Format Version 12.00
# Visual Studio 15
Project("{FAE04EC0-301F-11D3-BF4B-00C04F79EFBC}") = "ExpenseTracker", "ExpenseTracker\ExpenseTracker.csproj", "{3A113B46-BE49-436C-AB07-E7F8CEDB0711}"
EndProject
Global
	GlobalSection(SolutionConfigurationPlatforms) = preSolution
		Debug|Any CPU = Debug|Any CPU
		Release|Any CPU = Release|Any CPU
	EndGlobalSection
	GlobalSection(ProjectConfigurationPlatforms) = postSolution
		{3A113B46-BE49-436C-AB07-E7F8CEDB0711}.Debug|Any CPU.ActiveCfg = Debug|Any CPU
		{3A113B46-BE49-436C-AB07-E7F8CEDB0711}.Debug|Any CPU.Build.0 = Debug|Any CPU
		{3A113B46-BE49-436C-AB07-E7F8CEDB0711}.Release|Any CPU.ActiveCfg = Release|Any CPU
		{3A113B46-BE49-436C-AB07-E7F8CEDB0711}.Release|Any CPU.Build.0 = Release|Any CPU
	EndGlobalSection
EndGlobal
